// !$*UTF8*$!
{
	archiveVersion = 1;
	classes = {
	};
	objectVersion = 50;
	objects = {

/* Begin PBXBuildFile section */
		71620AA0222D1FDA005981CF /* AppDelegate.swift in Sources */ = {isa = PBXBuildFile; fileRef = 71620A9F222D1FDA005981CF /* AppDelegate.swift */; };
		71620AA2222D1FDA005981CF /* ViewController.swift in Sources */ = {isa = PBXBuildFile; fileRef = 71620AA1222D1FDA005981CF /* ViewController.swift */; };
		71620AA5222D1FDA005981CF /* Main.storyboard in Resources */ = {isa = PBXBuildFile; fileRef = 71620AA3222D1FDA005981CF /* Main.storyboard */; };
		71620AA8222D1FDA005981CF /* replaykit_single_app.xcdatamodeld in Sources */ = {isa = PBXBuildFile; fileRef = 71620AA6222D1FDA005981CF /* replaykit_single_app.xcdatamodeld */; };
		71620AAA222D1FDC005981CF /* Assets.xcassets in Resources */ = {isa = PBXBuildFile; fileRef = 71620AA9222D1FDC005981CF /* Assets.xcassets */; };
		71620AAD222D1FDC005981CF /* LaunchScreen.storyboard in Resources */ = {isa = PBXBuildFile; fileRef = 71620AAB222D1FDC005981CF /* LaunchScreen.storyboard */; };
		71620AB8222D1FDC005981CF /* replaykit_single_appTests.swift in Sources */ = {isa = PBXBuildFile; fileRef = 71620AB7222D1FDC005981CF /* replaykit_single_appTests.swift */; };
		71620AC3222D1FDC005981CF /* replaykit_single_appUITests.swift in Sources */ = {isa = PBXBuildFile; fileRef = 71620AC2222D1FDC005981CF /* replaykit_single_appUITests.swift */; };
/* End PBXBuildFile section */

/* Begin PBXContainerItemProxy section */
		71620AB4222D1FDC005981CF /* PBXContainerItemProxy */ = {
			isa = PBXContainerItemProxy;
			containerPortal = 71620A94222D1FDA005981CF /* Project object */;
			proxyType = 1;
			remoteGlobalIDString = 71620A9B222D1FDA005981CF;
			remoteInfo = replaykit_single_app;
		};
		71620ABF222D1FDC005981CF /* PBXContainerItemProxy */ = {
			isa = PBXContainerItemProxy;
			containerPortal = 71620A94222D1FDA005981CF /* Project object */;
			proxyType = 1;
			remoteGlobalIDString = 71620A9B222D1FDA005981CF;
			remoteInfo = replaykit_single_app;
		};
/* End PBXContainerItemProxy section */

/* Begin PBXFileReference section */
		71620A9C222D1FDA005981CF /* replaykit_single_app.app */ = {isa = PBXFileReference; explicitFileType = wrapper.application; includeInIndex = 0; path = replaykit_single_app.app; sourceTree = BUILT_PRODUCTS_DIR; };
		71620A9F222D1FDA005981CF /* AppDelegate.swift */ = {isa = PBXFileReference; lastKnownFileType = sourcecode.swift; path = AppDelegate.swift; sourceTree = "<group>"; };
		71620AA1222D1FDA005981CF /* ViewController.swift */ = {isa = PBXFileReference; lastKnownFileType = sourcecode.swift; path = ViewController.swift; sourceTree = "<group>"; };
		71620AA4222D1FDA005981CF /* Base */ = {isa = PBXFileReference; lastKnownFileType = file.storyboard; name = Base; path = Base.lproj/Main.storyboard; sourceTree = "<group>"; };
		71620AA7222D1FDA005981CF /* replaykit_single_app.xcdatamodel */ = {isa = PBXFileReference; lastKnownFileType = wrapper.xcdatamodel; path = replaykit_single_app.xcdatamodel; sourceTree = "<group>"; };
		71620AA9222D1FDC005981CF /* Assets.xcassets */ = {isa = PBXFileReference; lastKnownFileType = folder.assetcatalog; path = Assets.xcassets; sourceTree = "<group>"; };
		71620AAC222D1FDC005981CF /* Base */ = {isa = PBXFileReference; lastKnownFileType = file.storyboard; name = Base; path = Base.lproj/LaunchScreen.storyboard; sourceTree = "<group>"; };
		71620AAE222D1FDC005981CF /* Info.plist */ = {isa = PBXFileReference; lastKnownFileType = text.plist.xml; path = Info.plist; sourceTree = "<group>"; };
		71620AB3222D1FDC005981CF /* replaykit_single_appTests.xctest */ = {isa = PBXFileReference; explicitFileType = wrapper.cfbundle; includeInIndex = 0; path = replaykit_single_appTests.xctest; sourceTree = BUILT_PRODUCTS_DIR; };
		71620AB7222D1FDC005981CF /* replaykit_single_appTests.swift */ = {isa = PBXFileReference; lastKnownFileType = sourcecode.swift; path = replaykit_single_appTests.swift; sourceTree = "<group>"; };
		71620AB9222D1FDC005981CF /* Info.plist */ = {isa = PBXFileReference; lastKnownFileType = text.plist.xml; path = Info.plist; sourceTree = "<group>"; };
		71620ABE222D1FDC005981CF /* replaykit_single_appUITests.xctest */ = {isa = PBXFileReference; explicitFileType = wrapper.cfbundle; includeInIndex = 0; path = replaykit_single_appUITests.xctest; sourceTree = BUILT_PRODUCTS_DIR; };
		71620AC2222D1FDC005981CF /* replaykit_single_appUITests.swift */ = {isa = PBXFileReference; lastKnownFileType = sourcecode.swift; path = replaykit_single_appUITests.swift; sourceTree = "<group>"; };
		71620AC4222D1FDC005981CF /* Info.plist */ = {isa = PBXFileReference; lastKnownFileType = text.plist.xml; path = Info.plist; sourceTree = "<group>"; };
/* End PBXFileReference section */

/* Begin PBXFrameworksBuildPhase section */
		71620A99222D1FDA005981CF /* Frameworks */ = {
			isa = PBXFrameworksBuildPhase;
			buildActionMask = 2147483647;
			files = (
			);
			runOnlyForDeploymentPostprocessing = 0;
		};
		71620AB0222D1FDC005981CF /* Frameworks */ = {
			isa = PBXFrameworksBuildPhase;
			buildActionMask = 2147483647;
			files = (
			);
			runOnlyForDeploymentPostprocessing = 0;
		};
		71620ABB222D1FDC005981CF /* Frameworks */ = {
			isa = PBXFrameworksBuildPhase;
			buildActionMask = 2147483647;
			files = (
			);
			runOnlyForDeploymentPostprocessing = 0;
		};
/* End PBXFrameworksBuildPhase section */

/* Begin PBXGroup section */
		71620A93222D1FDA005981CF = {
			isa = PBXGroup;
			children = (
				71620A9E222D1FDA005981CF /* replaykit_single_app */,
				71620AB6222D1FDC005981CF /* replaykit_single_appTests */,
				71620AC1222D1FDC005981CF /* replaykit_single_appUITests */,
				71620A9D222D1FDA005981CF /* Products */,
			);
			sourceTree = "<group>";
		};
		71620A9D222D1FDA005981CF /* Products */ = {
			isa = PBXGroup;
			children = (
				71620A9C222D1FDA005981CF /* replaykit_single_app.app */,
				71620AB3222D1FDC005981CF /* replaykit_single_appTests.xctest */,
				71620ABE222D1FDC005981CF /* replaykit_single_appUITests.xctest */,
			);
			name = Products;
			sourceTree = "<group>";
		};
		71620A9E222D1FDA005981CF /* replaykit_single_app */ = {
			isa = PBXGroup;
			children = (
				71620A9F222D1FDA005981CF /* AppDelegate.swift */,
				71620AA1222D1FDA005981CF /* ViewController.swift */,
				71620AA3222D1FDA005981CF /* Main.storyboard */,
				71620AA9222D1FDC005981CF /* Assets.xcassets */,
				71620AAB222D1FDC005981CF /* LaunchScreen.storyboard */,
				71620AAE222D1FDC005981CF /* Info.plist */,
				71620AA6222D1FDA005981CF /* replaykit_single_app.xcdatamodeld */,
			);
			path = replaykit_single_app;
			sourceTree = "<group>";
		};
		71620AB6222D1FDC005981CF /* replaykit_single_appTests */ = {
			isa = PBXGroup;
			children = (
				71620AB7222D1FDC005981CF /* replaykit_single_appTests.swift */,
				71620AB9222D1FDC005981CF /* Info.plist */,
			);
			path = replaykit_single_appTests;
			sourceTree = "<group>";
		};
		71620AC1222D1FDC005981CF /* replaykit_single_appUITests */ = {
			isa = PBXGroup;
			children = (
				71620AC2222D1FDC005981CF /* replaykit_single_appUITests.swift */,
				71620AC4222D1FDC005981CF /* Info.plist */,
			);
			path = replaykit_single_appUITests;
			sourceTree = "<group>";
		};
/* End PBXGroup section */

/* Begin PBXNativeTarget section */
		71620A9B222D1FDA005981CF /* replaykit_single_app */ = {
			isa = PBXNativeTarget;
			buildConfigurationList = 71620AC7222D1FDC005981CF /* Build configuration list for PBXNativeTarget "replaykit_single_app" */;
			buildPhases = (
				71620A98222D1FDA005981CF /* Sources */,
				71620A99222D1FDA005981CF /* Frameworks */,
				71620A9A222D1FDA005981CF /* Resources */,
			);
			buildRules = (
			);
			dependencies = (
			);
			name = replaykit_single_app;
			productName = replaykit_single_app;
			productReference = 71620A9C222D1FDA005981CF /* replaykit_single_app.app */;
			productType = "com.apple.product-type.application";
		};
		71620AB2222D1FDC005981CF /* replaykit_single_appTests */ = {
			isa = PBXNativeTarget;
			buildConfigurationList = 71620ACA222D1FDC005981CF /* Build configuration list for PBXNativeTarget "replaykit_single_appTests" */;
			buildPhases = (
				71620AAF222D1FDC005981CF /* Sources */,
				71620AB0222D1FDC005981CF /* Frameworks */,
				71620AB1222D1FDC005981CF /* Resources */,
			);
			buildRules = (
			);
			dependencies = (
				71620AB5222D1FDC005981CF /* PBXTargetDependency */,
			);
			name = replaykit_single_appTests;
			productName = replaykit_single_appTests;
			productReference = 71620AB3222D1FDC005981CF /* replaykit_single_appTests.xctest */;
			productType = "com.apple.product-type.bundle.unit-test";
		};
		71620ABD222D1FDC005981CF /* replaykit_single_appUITests */ = {
			isa = PBXNativeTarget;
			buildConfigurationList = 71620ACD222D1FDC005981CF /* Build configuration list for PBXNativeTarget "replaykit_single_appUITests" */;
			buildPhases = (
				71620ABA222D1FDC005981CF /* Sources */,
				71620ABB222D1FDC005981CF /* Frameworks */,
				71620ABC222D1FDC005981CF /* Resources */,
			);
			buildRules = (
			);
			dependencies = (
				71620AC0222D1FDC005981CF /* PBXTargetDependency */,
			);
			name = replaykit_single_appUITests;
			productName = replaykit_single_appUITests;
			productReference = 71620ABE222D1FDC005981CF /* replaykit_single_appUITests.xctest */;
			productType = "com.apple.product-type.bundle.ui-testing";
		};
/* End PBXNativeTarget section */

/* Begin PBXProject section */
		71620A94222D1FDA005981CF /* Project object */ = {
			isa = PBXProject;
			attributes = {
				LastSwiftUpdateCheck = 1010;
				LastUpgradeCheck = 1010;
				ORGANIZATIONNAME = "Batuhan Saygin";
				TargetAttributes = {
					71620A9B222D1FDA005981CF = {
						CreatedOnToolsVersion = 10.1;
					};
					71620AB2222D1FDC005981CF = {
						CreatedOnToolsVersion = 10.1;
						TestTargetID = 71620A9B222D1FDA005981CF;
					};
					71620ABD222D1FDC005981CF = {
						CreatedOnToolsVersion = 10.1;
						TestTargetID = 71620A9B222D1FDA005981CF;
					};
				};
			};
			buildConfigurationList = 71620A97222D1FDA005981CF /* Build configuration list for PBXProject "replaykit_single_app" */;
			compatibilityVersion = "Xcode 9.3";
			developmentRegion = en;
			hasScannedForEncodings = 0;
			knownRegions = (
				en,
				Base,
			);
			mainGroup = 71620A93222D1FDA005981CF;
			productRefGroup = 71620A9D222D1FDA005981CF /* Products */;
			projectDirPath = "";
			projectRoot = "";
			targets = (
				71620A9B222D1FDA005981CF /* replaykit_single_app */,
				71620AB2222D1FDC005981CF /* replaykit_single_appTests */,
				71620ABD222D1FDC005981CF /* replaykit_single_appUITests */,
			);
		};
/* End PBXProject section */

/* Begin PBXResourcesBuildPhase section */
		71620A9A222D1FDA005981CF /* Resources */ = {
			isa = PBXResourcesBuildPhase;
			buildActionMask = 2147483647;
			files = (
				71620AAD222D1FDC005981CF /* LaunchScreen.storyboard in Resources */,
				71620AAA222D1FDC005981CF /* Assets.xcassets in Resources */,
				71620AA5222D1FDA005981CF /* Main.storyboard in Resources */,
			);
			runOnlyForDeploymentPostprocessing = 0;
		};
		71620AB1222D1FDC005981CF /* Resources */ = {
			isa = PBXResourcesBuildPhase;
			buildActionMask = 2147483647;
			files = (
			);
			runOnlyForDeploymentPostprocessing = 0;
		};
		71620ABC222D1FDC005981CF /* Resources */ = {
			isa = PBXResourcesBuildPhase;
			buildActionMask = 2147483647;
			files = (
			);
			runOnlyForDeploymentPostprocessing = 0;
		};
/* End PBXResourcesBuildPhase section */

/* Begin PBXSourcesBuildPhase section */
		71620A98222D1FDA005981CF /* Sources */ = {
			isa = PBXSourcesBuildPhase;
			buildActionMask = 2147483647;
			files = (
				71620AA2222D1FDA005981CF /* ViewController.swift in Sources */,
				71620AA8222D1FDA005981CF /* replaykit_single_app.xcdatamodeld in Sources */,
				71620AA0222D1FDA005981CF /* AppDelegate.swift in Sources */,
			);
			runOnlyForDeploymentPostprocessing = 0;
		};
		71620AAF222D1FDC005981CF /* Sources */ = {
			isa = PBXSourcesBuildPhase;
			buildActionMask = 2147483647;
			files = (
				71620AB8222D1FDC005981CF /* replaykit_single_appTests.swift in Sources */,
			);
			runOnlyForDeploymentPostprocessing = 0;
		};
		71620ABA222D1FDC005981CF /* Sources */ = {
			isa = PBXSourcesBuildPhase;
			buildActionMask = 2147483647;
			files = (
				71620AC3222D1FDC005981CF /* replaykit_single_appUITests.swift in Sources */,
			);
			runOnlyForDeploymentPostprocessing = 0;
		};
/* End PBXSourcesBuildPhase section */

/* Begin PBXTargetDependency section */
		71620AB5222D1FDC005981CF /* PBXTargetDependency */ = {
			isa = PBXTargetDependency;
			target = 71620A9B222D1FDA005981CF /* replaykit_single_app */;
			targetProxy = 71620AB4222D1FDC005981CF /* PBXContainerItemProxy */;
		};
		71620AC0222D1FDC005981CF /* PBXTargetDependency */ = {
			isa = PBXTargetDependency;
			target = 71620A9B222D1FDA005981CF /* replaykit_single_app */;
			targetProxy = 71620ABF222D1FDC005981CF /* PBXContainerItemProxy */;
		};
/* End PBXTargetDependency section */

/* Begin PBXVariantGroup section */
		71620AA3222D1FDA005981CF /* Main.storyboard */ = {
			isa = PBXVariantGroup;
			children = (
				71620AA4222D1FDA005981CF /* Base */,
			);
			name = Main.storyboard;
			sourceTree = "<group>";
		};
		71620AAB222D1FDC005981CF /* LaunchScreen.storyboard */ = {
			isa = PBXVariantGroup;
			children = (
				71620AAC222D1FDC005981CF /* Base */,
			);
			name = LaunchScreen.storyboard;
			sourceTree = "<group>";
		};
/* End PBXVariantGroup section */

/* Begin XCBuildConfiguration section */
		71620AC5222D1FDC005981CF /* Debug */ = {
			isa = XCBuildConfiguration;
			buildSettings = {
				ALWAYS_SEARCH_USER_PATHS = NO;
				CLANG_ANALYZER_NONNULL = YES;
				CLANG_ANALYZER_NUMBER_OBJECT_CONVERSION = YES_AGGRESSIVE;
				CLANG_CXX_LANGUAGE_STANDARD = "gnu++14";
				CLANG_CXX_LIBRARY = "libc++";
				CLANG_ENABLE_MODULES = YES;
				CLANG_ENABLE_OBJC_ARC = YES;
				CLANG_ENABLE_OBJC_WEAK = YES;
				CLANG_WARN_BLOCK_CAPTURE_AUTORELEASING = YES;
				CLANG_WARN_BOOL_CONVERSION = YES;
				CLANG_WARN_COMMA = YES;
				CLANG_WARN_CONSTANT_CONVERSION = YES;
				CLANG_WARN_DEPRECATED_OBJC_IMPLEMENTATIONS = YES;
				CLANG_WARN_DIRECT_OBJC_ISA_USAGE = YES_ERROR;
				CLANG_WARN_DOCUMENTATION_COMMENTS = YES;
				CLANG_WARN_EMPTY_BODY = YES;
				CLANG_WARN_ENUM_CONVERSION = YES;
				CLANG_WARN_INFINITE_RECURSION = YES;
				CLANG_WARN_INT_CONVERSION = YES;
				CLANG_WARN_NON_LITERAL_NULL_CONVERSION = YES;
				CLANG_WARN_OBJC_IMPLICIT_RETAIN_SELF = YES;
				CLANG_WARN_OBJC_LITERAL_CONVERSION = YES;
				CLANG_WARN_OBJC_ROOT_CLASS = YES_ERROR;
				CLANG_WARN_RANGE_LOOP_ANALYSIS = YES;
				CLANG_WARN_STRICT_PROTOTYPES = YES;
				CLANG_WARN_SUSPICIOUS_MOVE = YES;
				CLANG_WARN_UNGUARDED_AVAILABILITY = YES_AGGRESSIVE;
				CLANG_WARN_UNREACHABLE_CODE = YES;
				CLANG_WARN__DUPLICATE_METHOD_MATCH = YES;
				CODE_SIGN_IDENTITY = "iPhone Developer";
				COPY_PHASE_STRIP = NO;
				DEBUG_INFORMATION_FORMAT = dwarf;
				ENABLE_STRICT_OBJC_MSGSEND = YES;
				ENABLE_TESTABILITY = YES;
				GCC_C_LANGUAGE_STANDARD = gnu11;
				GCC_DYNAMIC_NO_PIC = NO;
				GCC_NO_COMMON_BLOCKS = YES;
				GCC_OPTIMIZATION_LEVEL = 0;
				GCC_PREPROCESSOR_DEFINITIONS = (
					"DEBUG=1",
					"$(inherited)",
				);
				GCC_WARN_64_TO_32_BIT_CONVERSION = YES;
				GCC_WARN_ABOUT_RETURN_TYPE = YES_ERROR;
				GCC_WARN_UNDECLARED_SELECTOR = YES;
				GCC_WARN_UNINITIALIZED_AUTOS = YES_AGGRESSIVE;
				GCC_WARN_UNUSED_FUNCTION = YES;
				GCC_WARN_UNUSED_VARIABLE = YES;
				IPHONEOS_DEPLOYMENT_TARGET = 12.1;
				MTL_ENABLE_DEBUG_INFO = INCLUDE_SOURCE;
				MTL_FAST_MATH = YES;
				ONLY_ACTIVE_ARCH = YES;
				SDKROOT = iphoneos;
				SWIFT_ACTIVE_COMPILATION_CONDITIONS = DEBUG;
				SWIFT_OPTIMIZATION_LEVEL = "-Onone";
			};
			name = Debug;
		};
		71620AC6222D1FDC005981CF /* Release */ = {
			isa = XCBuildConfiguration;
			buildSettings = {
				ALWAYS_SEARCH_USER_PATHS = NO;
				CLANG_ANALYZER_NONNULL = YES;
				CLANG_ANALYZER_NUMBER_OBJECT_CONVERSION = YES_AGGRESSIVE;
				CLANG_CXX_LANGUAGE_STANDARD = "gnu++14";
				CLANG_CXX_LIBRARY = "libc++";
				CLANG_ENABLE_MODULES = YES;
				CLANG_ENABLE_OBJC_ARC = YES;
				CLANG_ENABLE_OBJC_WEAK = YES;
				CLANG_WARN_BLOCK_CAPTURE_AUTORELEASING = YES;
				CLANG_WARN_BOOL_CONVERSION = YES;
				CLANG_WARN_COMMA = YES;
				CLANG_WARN_CONSTANT_CONVERSION = YES;
				CLANG_WARN_DEPRECATED_OBJC_IMPLEMENTATIONS = YES;
				CLANG_WARN_DIRECT_OBJC_ISA_USAGE = YES_ERROR;
				CLANG_WARN_DOCUMENTATION_COMMENTS = YES;
				CLANG_WARN_EMPTY_BODY = YES;
				CLANG_WARN_ENUM_CONVERSION = YES;
				CLANG_WARN_INFINITE_RECURSION = YES;
				CLANG_WARN_INT_CONVERSION = YES;
				CLANG_WARN_NON_LITERAL_NULL_CONVERSION = YES;
				CLANG_WARN_OBJC_IMPLICIT_RETAIN_SELF = YES;
				CLANG_WARN_OBJC_LITERAL_CONVERSION = YES;
				CLANG_WARN_OBJC_ROOT_CLASS = YES_ERROR;
				CLANG_WARN_RANGE_LOOP_ANALYSIS = YES;
				CLANG_WARN_STRICT_PROTOTYPES = YES;
				CLANG_WARN_SUSPICIOUS_MOVE = YES;
				CLANG_WARN_UNGUARDED_AVAILABILITY = YES_AGGRESSIVE;
				CLANG_WARN_UNREACHABLE_CODE = YES;
				CLANG_WARN__DUPLICATE_METHOD_MATCH = YES;
				CODE_SIGN_IDENTITY = "iPhone Developer";
				COPY_PHASE_STRIP = NO;
				DEBUG_INFORMATION_FORMAT = "dwarf-with-dsym";
				ENABLE_NS_ASSERTIONS = NO;
				ENABLE_STRICT_OBJC_MSGSEND = YES;
				GCC_C_LANGUAGE_STANDARD = gnu11;
				GCC_NO_COMMON_BLOCKS = YES;
				GCC_WARN_64_TO_32_BIT_CONVERSION = YES;
				GCC_WARN_ABOUT_RETURN_TYPE = YES_ERROR;
				GCC_WARN_UNDECLARED_SELECTOR = YES;
				GCC_WARN_UNINITIALIZED_AUTOS = YES_AGGRESSIVE;
				GCC_WARN_UNUSED_FUNCTION = YES;
				GCC_WARN_UNUSED_VARIABLE = YES;
				IPHONEOS_DEPLOYMENT_TARGET = 12.1;
				MTL_ENABLE_DEBUG_INFO = NO;
				MTL_FAST_MATH = YES;
				SDKROOT = iphoneos;
				SWIFT_COMPILATION_MODE = wholemodule;
				SWIFT_OPTIMIZATION_LEVEL = "-O";
				VALIDATE_PRODUCT = YES;
			};
			name = Release;
		};
		71620AC8222D1FDC005981CF /* Debug */ = {
			isa = XCBuildConfiguration;
			buildSettings = {
				ASSETCATALOG_COMPILER_APPICON_NAME = AppIcon;
				CODE_SIGN_STYLE = Automatic;
				DEVELOPMENT_TEAM = V8Y3355D7V;
				INFOPLIST_FILE = replaykit_single_app/Info.plist;
				LD_RUNPATH_SEARCH_PATHS = (
					"$(inherited)",
					"@executable_path/Frameworks",
				);
				PRODUCT_BUNDLE_IDENTIFIER = "com.batuhansaygin.replaykit-single-app";
				PRODUCT_NAME = "$(TARGET_NAME)";
				SWIFT_VERSION = 4.2;
				TARGETED_DEVICE_FAMILY = "1,2";
			};
			name = Debug;
		};
		71620AC9222D1FDC005981CF /* Release */ = {
			isa = XCBuildConfiguration;
			buildSettings = {
				ASSETCATALOG_COMPILER_APPICON_NAME = AppIcon;
				CODE_SIGN_STYLE = Automatic;
				DEVELOPMENT_TEAM = V8Y3355D7V;
				INFOPLIST_FILE = replaykit_single_app/Info.plist;
				LD_RUNPATH_SEARCH_PATHS = (
					"$(inherited)",
					"@executable_path/Frameworks",
				);
				PRODUCT_BUNDLE_IDENTIFIER = "com.batuhansaygin.replaykit-single-app";
				PRODUCT_NAME = "$(TARGET_NAME)";
				SWIFT_VERSION = 4.2;
				TARGETED_DEVICE_FAMILY = "1,2";
			};
			name = Release;
		};
		71620ACB222D1FDC005981CF /* Debug */ = {
			isa = XCBuildConfiguration;
			buildSettings = {
				ALWAYS_EMBED_SWIFT_STANDARD_LIBRARIES = YES;
				BUNDLE_LOADER = "$(TEST_HOST)";
				CODE_SIGN_STYLE = Automatic;
				DEVELOPMENT_TEAM = V8Y3355D7V;
				INFOPLIST_FILE = replaykit_single_appTests/Info.plist;
				LD_RUNPATH_SEARCH_PATHS = (
					"$(inherited)",
					"@executable_path/Frameworks",
					"@loader_path/Frameworks",
				);
				PRODUCT_BUNDLE_IDENTIFIER = "com.batuhansaygin.replaykit-single-appTests";
				PRODUCT_NAME = "$(TARGET_NAME)";
				SWIFT_VERSION = 4.2;
				TARGETED_DEVICE_FAMILY = "1,2";
				TEST_HOST = "$(BUILT_PRODUCTS_DIR)/replaykit_single_app.app/replaykit_single_app";
			};
			name = Debug;
		};
		71620ACC222D1FDC005981CF /* Release */ = {
			isa = XCBuildConfiguration;
			buildSettings = {
				ALWAYS_EMBED_SWIFT_STANDARD_LIBRARIES = YES;
				BUNDLE_LOADER = "$(TEST_HOST)";
				CODE_SIGN_STYLE = Automatic;
				DEVELOPMENT_TEAM = V8Y3355D7V;
				INFOPLIST_FILE = replaykit_single_appTests/Info.plist;
				LD_RUNPATH_SEARCH_PATHS = (
					"$(inherited)",
					"@executable_path/Frameworks",
					"@loader_path/Frameworks",
				);
				PRODUCT_BUNDLE_IDENTIFIER = "com.batuhansaygin.replaykit-single-appTests";
				PRODUCT_NAME = "$(TARGET_NAME)";
				SWIFT_VERSION = 4.2;
				TARGETED_DEVICE_FAMILY = "1,2";
				TEST_HOST = "$(BUILT_PRODUCTS_DIR)/replaykit_single_app.app/replaykit_single_app";
			};
			name = Release;
		};
		71620ACE222D1FDC005981CF /* Debug */ = {
			isa = XCBuildConfiguration;
			buildSettings = {
				ALWAYS_EMBED_SWIFT_STANDARD_LIBRARIES = YES;
				CODE_SIGN_STYLE = Automatic;
				DEVELOPMENT_TEAM = V8Y3355D7V;
				INFOPLIST_FILE = replaykit_single_appUITests/Info.plist;
				LD_RUNPATH_SEARCH_PATHS = (
					"$(inherited)",
					"@executable_path/Frameworks",
					"@loader_path/Frameworks",
				);
				PRODUCT_BUNDLE_IDENTIFIER = "com.batuhansaygin.replaykit-single-appUITests";
				PRODUCT_NAME = "$(TARGET_NAME)";
				SWIFT_VERSION = 4.2;
				TARGETED_DEVICE_FAMILY = "1,2";
				TEST_TARGET_NAME = replaykit_single_app;
			};
			name = Debug;
		};
		71620ACF222D1FDC005981CF /* Release */ = {
			isa = XCBuildConfiguration;
			buildSettings = {
				ALWAYS_EMBED_SWIFT_STANDARD_LIBRARIES = YES;
				CODE_SIGN_STYLE = Automatic;
				DEVELOPMENT_TEAM = V8Y3355D7V;
				INFOPLIST_FILE = replaykit_single_appUITests/Info.plist;
				LD_RUNPATH_SEARCH_PATHS = (
					"$(inherited)",
					"@executable_path/Frameworks",
					"@loader_path/Frameworks",
				);
				PRODUCT_BUNDLE_IDENTIFIER = "com.batuhansaygin.replaykit-single-appUITests";
				PRODUCT_NAME = "$(TARGET_NAME)";
				SWIFT_VERSION = 4.2;
				TARGETED_DEVICE_FAMILY = "1,2";
				TEST_TARGET_NAME = replaykit_single_app;
			};
			name = Release;
		};
/* End XCBuildConfiguration section */

/* Begin XCConfigurationList section */
		71620A97222D1FDA005981CF /* Build configuration list for PBXProject "replaykit_single_app" */ = {
			isa = XCConfigurationList;
			buildConfigurations = (
				71620AC5222D1FDC005981CF /* Debug */,
				71620AC6222D1FDC005981CF /* Release */,
			);
			defaultConfigurationIsVisible = 0;
			defaultConfigurationName = Release;
		};
		71620AC7222D1FDC005981CF /* Build configuration list for PBXNativeTarget "replaykit_single_app" */ = {
			isa = XCConfigurationList;
			buildConfigurations = (
				71620AC8222D1FDC005981CF /* Debug */,
				71620AC9222D1FDC005981CF /* Release */,
			);
			defaultConfigurationIsVisible = 0;
			defaultConfigurationName = Release;
		};
		71620ACA222D1FDC005981CF /* Build configuration list for PBXNativeTarget "replaykit_single_appTests" */ = {
			isa = XCConfigurationList;
			buildConfigurations = (
				71620ACB222D1FDC005981CF /* Debug */,
				71620ACC222D1FDC005981CF /* Release */,
			);
			defaultConfigurationIsVisible = 0;
			defaultConfigurationName = Release;
		};
		71620ACD222D1FDC005981CF /* Build configuration list for PBXNativeTarget "replaykit_single_appUITests" */ = {
			isa = XCConfigurationList;
			buildConfigurations = (
				71620ACE222D1FDC005981CF /* Debug */,
				71620ACF222D1FDC005981CF /* Release */,
			);
			defaultConfigurationIsVisible = 0;
			defaultConfigurationName = Release;
		};
/* End XCConfigurationList section */

/* Begin XCVersionGroup section */
		71620AA6222D1FDA005981CF /* replaykit_single_app.xcdatamodeld */ = {
			isa = XCVersionGroup;
			children = (
				71620AA7222D1FDA005981CF /* replaykit_single_app.xcdatamodel */,
			);
			currentVersion = 71620AA7222D1FDA005981CF /* replaykit_single_app.xcdatamodel */;
			path = replaykit_single_app.xcdatamodeld;
			sourceTree = "<group>";
			versionGroupType = wrapper.xcdatamodel;
		};
/* End XCVersionGroup section */
	};
	rootObject = 71620A94222D1FDA005981CF /* Project object */;
}
